
Microsoft Visual Studio Solution File, Format Version 12.00
# Visual Studio Version 16
VisualStudioVersion = 16.0.31729.503
MinimumVisualStudioVersion = 10.0.40219.1
Project("{FAE04EC0-301F-11D3-BF4B-00C04F79EFBC}") = "Kcolrehs_Control", "Kcolrehs_Control\Kcolrehs_Control.csproj", "{1706136C-23D3-46AD-BF15-0811412CB850}"
EndProject
Global
	GlobalSection(SolutionConfigurationPlatforms) = preSolution
		Debug|Any CPU = Debug|Any CPU
		Debug|x86 = Debug|x86
		Release|Any CPU = Release|Any CPU
		Release|x86 = Release|x86
	EndGlobalSection
	GlobalSection(ProjectConfigurationPlatforms) = postSolution
		{1706136C-23D3-46AD-BF15-0811412CB850}.Debug|Any CPU.ActiveCfg = Debug|Any CPU
		{1706136C-23D3-46AD-BF15-0811412CB850}.Debug|Any CPU.Build.0 = Debug|Any CPU
		{1706136C-23D3-46AD-BF15-0811412CB850}.Debug|x86.ActiveCfg = Debug|Any CPU
		{1706136C-23D3-46AD-BF15-0811412CB850}.Debug|x86.Build.0 = Debug|Any CPU
		{1706136C-23D3-46AD-BF15-0811412CB850}.Release|Any CPU.ActiveCfg = Release|Any CPU
		{1706136C-23D3-46AD-BF15-0811412CB850}.Release|Any CPU.Build.0 = Release|Any CPU
		{1706136C-23D3-46AD-BF15-0811412CB850}.Release|x86.ActiveCfg = Release|x86
		{1706136C-23D3-46AD-BF15-0811412CB850}.Release|x86.Build.0 = Release|x86
	EndGlobalSection
	GlobalSection(SolutionProperties) = preSolution
		HideSolutionNode = FALSE
	EndGlobalSection
	GlobalSection(ExtensibilityGlobals) = postSolution
		SolutionGuid = {55424E4C-2A70-482C-AB18-8765A536CD1C}
	EndGlobalSection
EndGlobal
